
Microsoft Visual Studio Solution File, Format Version 12.00
# Visual Studio Version 16
VisualStudioVersion = 16.0.31205.134
MinimumVisualStudioVersion = 10.0.40219.1
Project("{FAE04EC0-301F-11D3-BF4B-00C04F79EFBC}") = "majoritySharing", "majoritySharing\majoritySharing.csproj", "{AC827157-D3F1-4B61-B164-1B2EA89599EA}"
EndProject
Global
	GlobalSection(SolutionConfigurationPlatforms) = preSolution
		Debug|Any CPU = Debug|Any CPU
		Release|Any CPU = Release|Any CPU
	EndGlobalSection
	GlobalSection(ProjectConfigurationPlatforms) = postSolution
		{AC827157-D3F1-4B61-B164-1B2EA89599EA}.Debug|Any CPU.ActiveCfg = Debug|Any CPU
		{AC827157-D3F1-4B61-B164-1B2EA89599EA}.Debug|Any CPU.Build.0 = Debug|Any CPU
		{AC827157-D3F1-4B61-B164-1B2EA89599EA}.Release|Any CPU.ActiveCfg = Release|Any CPU
		{AC827157-D3F1-4B61-B164-1B2EA89599EA}.Release|Any CPU.Build.0 = Release|Any CPU
	EndGlobalSection
	GlobalSection(SolutionProperties) = preSolution
		HideSolutionNode = FALSE
	EndGlobalSection
	GlobalSection(ExtensibilityGlobals) = postSolution
		SolutionGuid = {1E8985B0-8128-4D42-B7A4-3DC567D7A100}
	EndGlobalSection
EndGlobal
